// !$*UTF8*$!
{
	archiveVersion = 1;
	classes = {
	};
	objectVersion = 51;
	objects = {

/* Begin PBXBuildFile section */
		31321C3E62868ACE39A8110D /* Pods_SpaceX.framework in Frameworks */ = {isa = PBXBuildFile; fileRef = 650E462A8C0314CCB3DE9266 /* Pods_SpaceX.framework */; };
		98124747263BFA4300917FAC /* FilterDatePickerDataSource.swift in Sources */ = {isa = PBXBuildFile; fileRef = 98124746263BFA4300917FAC /* FilterDatePickerDataSource.swift */; };
		9812474C263BFB1E00917FAC /* Date+Helpers.swift in Sources */ = {isa = PBXBuildFile; fileRef = 9812474B263BFB1E00917FAC /* Date+Helpers.swift */; };
		98124751263BFD0400917FAC /* DurationFilter.swift in Sources */ = {isa = PBXBuildFile; fileRef = 98124750263BFD0400917FAC /* DurationFilter.swift */; };
		98124756263BFD1800917FAC /* LaunchSuccessFilter.swift in Sources */ = {isa = PBXBuildFile; fileRef = 98124755263BFD1800917FAC /* LaunchSuccessFilter.swift */; };
		9812475B263BFD2C00917FAC /* OrderAscendingFilter.swift in Sources */ = {isa = PBXBuildFile; fileRef = 9812475A263BFD2C00917FAC /* OrderAscendingFilter.swift */; };
		98124760263C1BBB00917FAC /* UINavigationController+Helpers.swift in Sources */ = {isa = PBXBuildFile; fileRef = 9812475F263C1BBB00917FAC /* UINavigationController+Helpers.swift */; };
		98DF01AA263AC297003A1257 /* AppDelegate.swift in Sources */ = {isa = PBXBuildFile; fileRef = 98DF01A9263AC297003A1257 /* AppDelegate.swift */; };
		98DF01B3263AC298003A1257 /* Assets.xcassets in Resources */ = {isa = PBXBuildFile; fileRef = 98DF01B2263AC298003A1257 /* Assets.xcassets */; };
		98DF01B6263AC298003A1257 /* LaunchScreen.storyboard in Resources */ = {isa = PBXBuildFile; fileRef = 98DF01B4263AC298003A1257 /* LaunchScreen.storyboard */; };
		98DF01C1263AC298003A1257 /* SpaceXTests.swift in Sources */ = {isa = PBXBuildFile; fileRef = 98DF01C0263AC298003A1257 /* SpaceXTests.swift */; };
		98DF01CC263AC298003A1257 /* SpaceXUITests.swift in Sources */ = {isa = PBXBuildFile; fileRef = 98DF01CB263AC298003A1257 /* SpaceXUITests.swift */; };
		98DF01DD263AC2AB003A1257 /* Podfile in Resources */ = {isa = PBXBuildFile; fileRef = 98DF01DC263AC2AB003A1257 /* Podfile */; };
		98DF0206263AC3EF003A1257 /* URLSession+Protocols.swift in Sources */ = {isa = PBXBuildFile; fileRef = 98DF0205263AC3EF003A1257 /* URLSession+Protocols.swift */; };
		98DF020B263AC4BC003A1257 /* NetworkClient.swift in Sources */ = {isa = PBXBuildFile; fileRef = 98DF020A263AC4BC003A1257 /* NetworkClient.swift */; };
		98DF0218263AC742003A1257 /* URLSession+MockProtocols.swift in Sources */ = {isa = PBXBuildFile; fileRef = 98DF0217263AC742003A1257 /* URLSession+MockProtocols.swift */; };
		98DF0222263AC7E5003A1257 /* NetworkClientTests.swift in Sources */ = {isa = PBXBuildFile; fileRef = 98DF0221263AC7E5003A1257 /* NetworkClientTests.swift */; };
		98DF022B263AC9E5003A1257 /* TestError.swift in Sources */ = {isa = PBXBuildFile; fileRef = 98DF022A263AC9E5003A1257 /* TestError.swift */; };
		98DF0237263ACC62003A1257 /* CompanyService.swift in Sources */ = {isa = PBXBuildFile; fileRef = 98DF0236263ACC62003A1257 /* CompanyService.swift */; };
		98DF023C263ACD0D003A1257 /* Endpoint.swift in Sources */ = {isa = PBXBuildFile; fileRef = 98DF023B263ACD0D003A1257 /* Endpoint.swift */; };
		98DF0241263ACD50003A1257 /* EndpointRequestProvider.swift in Sources */ = {isa = PBXBuildFile; fileRef = 98DF0240263ACD50003A1257 /* EndpointRequestProvider.swift */; };
		98DF0246263ACE14003A1257 /* EndpointTests.swift in Sources */ = {isa = PBXBuildFile; fileRef = 98DF0245263ACE14003A1257 /* EndpointTests.swift */; };
		98DF024B263ACF53003A1257 /* EndpointRequestProviderTests.swift in Sources */ = {isa = PBXBuildFile; fileRef = 98DF024A263ACF53003A1257 /* EndpointRequestProviderTests.swift */; };
		98DF0250263AD006003A1257 /* Company.swift in Sources */ = {isa = PBXBuildFile; fileRef = 98DF024F263AD006003A1257 /* Company.swift */; };
		98DF0256263AD10D003A1257 /* CompanyEndpoint.swift in Sources */ = {isa = PBXBuildFile; fileRef = 98DF0255263AD10D003A1257 /* CompanyEndpoint.swift */; };
		98DF0262263AD130003A1257 /* ServiceError.swift in Sources */ = {isa = PBXBuildFile; fileRef = 98DF0261263AD130003A1257 /* ServiceError.swift */; };
		98DF026B263AD1FB003A1257 /* Dependencies.swift in Sources */ = {isa = PBXBuildFile; fileRef = 98DF026A263AD1FB003A1257 /* Dependencies.swift */; };
		98DF02CE263AD37C003A1257 /* DependenciesHelper.swift in Sources */ = {isa = PBXBuildFile; fileRef = 98DF02CD263AD37C003A1257 /* DependenciesHelper.swift */; };
		98DF02D7263AD3EA003A1257 /* MockNetworkClient.swift in Sources */ = {isa = PBXBuildFile; fileRef = 98DF02D6263AD3EA003A1257 /* MockNetworkClient.swift */; };
		98DF02DF263AD4A9003A1257 /* MockCompanyService.swift in Sources */ = {isa = PBXBuildFile; fileRef = 98DF02DE263AD4A9003A1257 /* MockCompanyService.swift */; };
		98DF02EB263AD60C003A1257 /* CompanyServiceTests.swift in Sources */ = {isa = PBXBuildFile; fileRef = 98DF02EA263AD60C003A1257 /* CompanyServiceTests.swift */; };
		98DF02F2263AD884003A1257 /* DashboardViewModel.swift in Sources */ = {isa = PBXBuildFile; fileRef = 98DF02F1263AD884003A1257 /* DashboardViewModel.swift */; };
		98DF02F7263AD90D003A1257 /* DashboardViewController.swift in Sources */ = {isa = PBXBuildFile; fileRef = 98DF02F6263AD90D003A1257 /* DashboardViewController.swift */; };
		98DF0308263ADAFC003A1257 /* Router.swift in Sources */ = {isa = PBXBuildFile; fileRef = 98DF0307263ADAFC003A1257 /* Router.swift */; };
		98DF030E263ADB4D003A1257 /* Coordinator.swift in Sources */ = {isa = PBXBuildFile; fileRef = 98DF030D263ADB4D003A1257 /* Coordinator.swift */; };
		98DF0313263ADBAF003A1257 /* DashboardCoordinator.swift in Sources */ = {isa = PBXBuildFile; fileRef = 98DF0312263ADBAF003A1257 /* DashboardCoordinator.swift */; };
		98DF031B263ADF06003A1257 /* DashboardTableViewDataSource.swift in Sources */ = {isa = PBXBuildFile; fileRef = 98DF031A263ADF06003A1257 /* DashboardTableViewDataSource.swift */; };
		98DF0324263AE1AD003A1257 /* DashboardCompanySectionViewModel.swift in Sources */ = {isa = PBXBuildFile; fileRef = 98DF0323263AE1AD003A1257 /* DashboardCompanySectionViewModel.swift */; };
		98DF0332263AEBA3003A1257 /* DashboardCompanyItemViewModel.swift in Sources */ = {isa = PBXBuildFile; fileRef = 98DF0331263AEBA3003A1257 /* DashboardCompanyItemViewModel.swift */; };
		98DF0337263AEC44003A1257 /* UITableView+Helpers.swift in Sources */ = {isa = PBXBuildFile; fileRef = 98DF0336263AEC44003A1257 /* UITableView+Helpers.swift */; };
		98DF0340263AECA5003A1257 /* CompanyTableViewCell.swift in Sources */ = {isa = PBXBuildFile; fileRef = 98DF033F263AECA5003A1257 /* CompanyTableViewCell.swift */; };
		98DF0345263AEDCF003A1257 /* String+Helpers.swift in Sources */ = {isa = PBXBuildFile; fileRef = 98DF0344263AEDCF003A1257 /* String+Helpers.swift */; };
		98DF0357263AF389003A1257 /* LaunchesService.swift in Sources */ = {isa = PBXBuildFile; fileRef = 98DF0356263AF389003A1257 /* LaunchesService.swift */; };
		98DF035C263AF3C4003A1257 /* Launch.swift in Sources */ = {isa = PBXBuildFile; fileRef = 98DF035B263AF3C4003A1257 /* Launch.swift */; };
		98DF0361263AF4E8003A1257 /* LaunchesEndpoint.swift in Sources */ = {isa = PBXBuildFile; fileRef = 98DF0360263AF4E8003A1257 /* LaunchesEndpoint.swift */; };
		98DF0367263AF6D3003A1257 /* DashboardLaunchesSectionViewModel.swift in Sources */ = {isa = PBXBuildFile; fileRef = 98DF0366263AF6D3003A1257 /* DashboardLaunchesSectionViewModel.swift */; };
		98DF036C263AF95C003A1257 /* DashboardLaunchItemViewModel.swift in Sources */ = {isa = PBXBuildFile; fileRef = 98DF036B263AF95C003A1257 /* DashboardLaunchItemViewModel.swift */; };
		98DF0377263B034E003A1257 /* LaunchTableViewCell.swift in Sources */ = {isa = PBXBuildFile; fileRef = 98DF0376263B034E003A1257 /* LaunchTableViewCell.swift */; };
		98DF0380263B05AF003A1257 /* ImageService.swift in Sources */ = {isa = PBXBuildFile; fileRef = 98DF037F263B05AF003A1257 /* ImageService.swift */; };
		98DF0385263B05E0003A1257 /* ImageCache.swift in Sources */ = {isa = PBXBuildFile; fileRef = 98DF0384263B05E0003A1257 /* ImageCache.swift */; };
		98DF038B263B1357003A1257 /* RocketEndpoint.swift in Sources */ = {isa = PBXBuildFile; fileRef = 98DF038A263B1357003A1257 /* RocketEndpoint.swift */; };
		98DF0390263B139D003A1257 /* RocketService.swift in Sources */ = {isa = PBXBuildFile; fileRef = 98DF038F263B139D003A1257 /* RocketService.swift */; };
		98DF0395263B13A7003A1257 /* Rocket.swift in Sources */ = {isa = PBXBuildFile; fileRef = 98DF0394263B13A7003A1257 /* Rocket.swift */; };
		98DF039A263B325A003A1257 /* KeyValueLabelView.swift in Sources */ = {isa = PBXBuildFile; fileRef = 98DF0399263B325A003A1257 /* KeyValueLabelView.swift */; };
		98DF039F263B34DA003A1257 /* Calendar+Helpers.swift in Sources */ = {isa = PBXBuildFile; fileRef = 98DF039E263B34DA003A1257 /* Calendar+Helpers.swift */; };
		98DF03A5263B4763003A1257 /* FiltersManager.swift in Sources */ = {isa = PBXBuildFile; fileRef = 98DF03A4263B4763003A1257 /* FiltersManager.swift */; };
		98DF03AA263B47AD003A1257 /* Filter.swift in Sources */ = {isa = PBXBuildFile; fileRef = 98DF03A9263B47AD003A1257 /* Filter.swift */; };
		98DF03B0263B5080003A1257 /* FiltersCoordinator.swift in Sources */ = {isa = PBXBuildFile; fileRef = 98DF03AF263B5080003A1257 /* FiltersCoordinator.swift */; };
		98DF03B5263B5134003A1257 /* FiltersViewModel.swift in Sources */ = {isa = PBXBuildFile; fileRef = 98DF03B4263B5134003A1257 /* FiltersViewModel.swift */; };
		98DF03BA263B519B003A1257 /* FiltersViewController.swift in Sources */ = {isa = PBXBuildFile; fileRef = 98DF03B9263B519B003A1257 /* FiltersViewController.swift */; };
		98DF03BF263B5236003A1257 /* FiltersTableViewDataSource.swift in Sources */ = {isa = PBXBuildFile; fileRef = 98DF03BE263B5236003A1257 /* FiltersTableViewDataSource.swift */; };
		98DF03C5263B56E7003A1257 /* TitleSwitchTableViewCell.swift in Sources */ = {isa = PBXBuildFile; fileRef = 98DF03C4263B56E7003A1257 /* TitleSwitchTableViewCell.swift */; };
		98DF03CA263B5D67003A1257 /* StartEndDateTableViewCell.swift in Sources */ = {isa = PBXBuildFile; fileRef = 98DF03C9263B5D67003A1257 /* StartEndDateTableViewCell.swift */; };
		98DF03D0263B5DE0003A1257 /* TextFieldContainerView.swift in Sources */ = {isa = PBXBuildFile; fileRef = 98DF03CF263B5DE0003A1257 /* TextFieldContainerView.swift */; };
/* End PBXBuildFile section */

/* Begin PBXContainerItemProxy section */
		98DF01BD263AC298003A1257 /* PBXContainerItemProxy */ = {
			isa = PBXContainerItemProxy;
			containerPortal = 98DF019E263AC297003A1257 /* Project object */;
			proxyType = 1;
			remoteGlobalIDString = 98DF01A5263AC297003A1257;
			remoteInfo = SpaceX;
		};
		98DF01C8263AC298003A1257 /* PBXContainerItemProxy */ = {
			isa = PBXContainerItemProxy;
			containerPortal = 98DF019E263AC297003A1257 /* Project object */;
			proxyType = 1;
			remoteGlobalIDString = 98DF01A5263AC297003A1257;
			remoteInfo = SpaceX;
		};
/* End PBXContainerItemProxy section */

/* Begin PBXFileReference section */
		650E462A8C0314CCB3DE9266 /* Pods_SpaceX.framework */ = {isa = PBXFileReference; explicitFileType = wrapper.framework; includeInIndex = 0; path = Pods_SpaceX.framework; sourceTree = BUILT_PRODUCTS_DIR; };
		98124746263BFA4300917FAC /* FilterDatePickerDataSource.swift */ = {isa = PBXFileReference; lastKnownFileType = sourcecode.swift; path = FilterDatePickerDataSource.swift; sourceTree = "<group>"; };
		9812474B263BFB1E00917FAC /* Date+Helpers.swift */ = {isa = PBXFileReference; lastKnownFileType = sourcecode.swift; path = "Date+Helpers.swift"; sourceTree = "<group>"; };
		98124750263BFD0400917FAC /* DurationFilter.swift */ = {isa = PBXFileReference; lastKnownFileType = sourcecode.swift; path = DurationFilter.swift; sourceTree = "<group>"; };
		98124755263BFD1800917FAC /* LaunchSuccessFilter.swift */ = {isa = PBXFileReference; lastKnownFileType = sourcecode.swift; path = LaunchSuccessFilter.swift; sourceTree = "<group>"; };
		9812475A263BFD2C00917FAC /* OrderAscendingFilter.swift */ = {isa = PBXFileReference; lastKnownFileType = sourcecode.swift; path = OrderAscendingFilter.swift; sourceTree = "<group>"; };
		9812475F263C1BBB00917FAC /* UINavigationController+Helpers.swift */ = {isa = PBXFileReference; lastKnownFileType = sourcecode.swift; path = "UINavigationController+Helpers.swift"; sourceTree = "<group>"; };
		98DF01A6263AC297003A1257 /* SpaceX.app */ = {isa = PBXFileReference; explicitFileType = wrapper.application; includeInIndex = 0; path = SpaceX.app; sourceTree = BUILT_PRODUCTS_DIR; };
		98DF01A9263AC297003A1257 /* AppDelegate.swift */ = {isa = PBXFileReference; lastKnownFileType = sourcecode.swift; path = AppDelegate.swift; sourceTree = "<group>"; };
		98DF01B2263AC298003A1257 /* Assets.xcassets */ = {isa = PBXFileReference; lastKnownFileType = folder.assetcatalog; path = Assets.xcassets; sourceTree = "<group>"; };
		98DF01B5263AC298003A1257 /* Base */ = {isa = PBXFileReference; lastKnownFileType = file.storyboard; name = Base; path = Base.lproj/LaunchScreen.storyboard; sourceTree = "<group>"; };
		98DF01B7263AC298003A1257 /* Info.plist */ = {isa = PBXFileReference; lastKnownFileType = text.plist.xml; path = Info.plist; sourceTree = "<group>"; };
		98DF01BC263AC298003A1257 /* SpaceXTests.xctest */ = {isa = PBXFileReference; explicitFileType = wrapper.cfbundle; includeInIndex = 0; path = SpaceXTests.xctest; sourceTree = BUILT_PRODUCTS_DIR; };
		98DF01C0263AC298003A1257 /* SpaceXTests.swift */ = {isa = PBXFileReference; lastKnownFileType = sourcecode.swift; path = SpaceXTests.swift; sourceTree = "<group>"; };
		98DF01C2263AC298003A1257 /* Info.plist */ = {isa = PBXFileReference; lastKnownFileType = text.plist.xml; path = Info.plist; sourceTree = "<group>"; };
		98DF01C7263AC298003A1257 /* SpaceXUITests.xctest */ = {isa = PBXFileReference; explicitFileType = wrapper.cfbundle; includeInIndex = 0; path = SpaceXUITests.xctest; sourceTree = BUILT_PRODUCTS_DIR; };
		98DF01CB263AC298003A1257 /* SpaceXUITests.swift */ = {isa = PBXFileReference; lastKnownFileType = sourcecode.swift; path = SpaceXUITests.swift; sourceTree = "<group>"; };
		98DF01CD263AC298003A1257 /* Info.plist */ = {isa = PBXFileReference; lastKnownFileType = text.plist.xml; path = Info.plist; sourceTree = "<group>"; };
		98DF01DC263AC2AB003A1257 /* Podfile */ = {isa = PBXFileReference; lastKnownFileType = text; path = Podfile; sourceTree = "<group>"; };
		98DF0205263AC3EF003A1257 /* URLSession+Protocols.swift */ = {isa = PBXFileReference; lastKnownFileType = sourcecode.swift; path = "URLSession+Protocols.swift"; sourceTree = "<group>"; };
		98DF020A263AC4BC003A1257 /* NetworkClient.swift */ = {isa = PBXFileReference; lastKnownFileType = sourcecode.swift; path = NetworkClient.swift; sourceTree = "<group>"; };
		98DF0217263AC742003A1257 /* URLSession+MockProtocols.swift */ = {isa = PBXFileReference; lastKnownFileType = sourcecode.swift; path = "URLSession+MockProtocols.swift"; sourceTree = "<group>"; };
		98DF0221263AC7E5003A1257 /* NetworkClientTests.swift */ = {isa = PBXFileReference; lastKnownFileType = sourcecode.swift; path = NetworkClientTests.swift; sourceTree = "<group>"; };
		98DF022A263AC9E5003A1257 /* TestError.swift */ = {isa = PBXFileReference; lastKnownFileType = sourcecode.swift; path = TestError.swift; sourceTree = "<group>"; };
		98DF0236263ACC62003A1257 /* CompanyService.swift */ = {isa = PBXFileReference; lastKnownFileType = sourcecode.swift; path = CompanyService.swift; sourceTree = "<group>"; };
		98DF023B263ACD0D003A1257 /* Endpoint.swift */ = {isa = PBXFileReference; lastKnownFileType = sourcecode.swift; path = Endpoint.swift; sourceTree = "<group>"; };
		98DF0240263ACD50003A1257 /* EndpointRequestProvider.swift */ = {isa = PBXFileReference; lastKnownFileType = sourcecode.swift; path = EndpointRequestProvider.swift; sourceTree = "<group>"; };
		98DF0245263ACE14003A1257 /* EndpointTests.swift */ = {isa = PBXFileReference; lastKnownFileType = sourcecode.swift; path = EndpointTests.swift; sourceTree = "<group>"; };
		98DF024A263ACF53003A1257 /* EndpointRequestProviderTests.swift */ = {isa = PBXFileReference; lastKnownFileType = sourcecode.swift; path = EndpointRequestProviderTests.swift; sourceTree = "<group>"; };
		98DF024F263AD006003A1257 /* Company.swift */ = {isa = PBXFileReference; lastKnownFileType = sourcecode.swift; path = Company.swift; sourceTree = "<group>"; };
		98DF0255263AD10D003A1257 /* CompanyEndpoint.swift */ = {isa = PBXFileReference; lastKnownFileType = sourcecode.swift; path = CompanyEndpoint.swift; sourceTree = "<group>"; };
		98DF0261263AD130003A1257 /* ServiceError.swift */ = {isa = PBXFileReference; lastKnownFileType = sourcecode.swift; path = ServiceError.swift; sourceTree = "<group>"; };
		98DF026A263AD1FB003A1257 /* Dependencies.swift */ = {isa = PBXFileReference; lastKnownFileType = sourcecode.swift; path = Dependencies.swift; sourceTree = "<group>"; };
		98DF02CD263AD37C003A1257 /* DependenciesHelper.swift */ = {isa = PBXFileReference; lastKnownFileType = sourcecode.swift; path = DependenciesHelper.swift; sourceTree = "<group>"; };
		98DF02D6263AD3EA003A1257 /* MockNetworkClient.swift */ = {isa = PBXFileReference; lastKnownFileType = sourcecode.swift; path = MockNetworkClient.swift; sourceTree = "<group>"; };
		98DF02DE263AD4A9003A1257 /* MockCompanyService.swift */ = {isa = PBXFileReference; lastKnownFileType = sourcecode.swift; path = MockCompanyService.swift; sourceTree = "<group>"; };
		98DF02EA263AD60C003A1257 /* CompanyServiceTests.swift */ = {isa = PBXFileReference; lastKnownFileType = sourcecode.swift; path = CompanyServiceTests.swift; sourceTree = "<group>"; };
		98DF02F1263AD884003A1257 /* DashboardViewModel.swift */ = {isa = PBXFileReference; lastKnownFileType = sourcecode.swift; path = DashboardViewModel.swift; sourceTree = "<group>"; };
		98DF02F6263AD90D003A1257 /* DashboardViewController.swift */ = {isa = PBXFileReference; lastKnownFileType = sourcecode.swift; path = DashboardViewController.swift; sourceTree = "<group>"; };
		98DF0307263ADAFC003A1257 /* Router.swift */ = {isa = PBXFileReference; lastKnownFileType = sourcecode.swift; path = Router.swift; sourceTree = "<group>"; };
		98DF030D263ADB4D003A1257 /* Coordinator.swift */ = {isa = PBXFileReference; lastKnownFileType = sourcecode.swift; path = Coordinator.swift; sourceTree = "<group>"; };
		98DF0312263ADBAF003A1257 /* DashboardCoordinator.swift */ = {isa = PBXFileReference; lastKnownFileType = sourcecode.swift; path = DashboardCoordinator.swift; sourceTree = "<group>"; };
		98DF031A263ADF06003A1257 /* DashboardTableViewDataSource.swift */ = {isa = PBXFileReference; lastKnownFileType = sourcecode.swift; path = DashboardTableViewDataSource.swift; sourceTree = "<group>"; };
		98DF0323263AE1AD003A1257 /* DashboardCompanySectionViewModel.swift */ = {isa = PBXFileReference; lastKnownFileType = sourcecode.swift; path = DashboardCompanySectionViewModel.swift; sourceTree = "<group>"; };
		98DF0331263AEBA3003A1257 /* DashboardCompanyItemViewModel.swift */ = {isa = PBXFileReference; lastKnownFileType = sourcecode.swift; path = DashboardCompanyItemViewModel.swift; sourceTree = "<group>"; };
		98DF0336263AEC44003A1257 /* UITableView+Helpers.swift */ = {isa = PBXFileReference; lastKnownFileType = sourcecode.swift; path = "UITableView+Helpers.swift"; sourceTree = "<group>"; };
		98DF033F263AECA5003A1257 /* CompanyTableViewCell.swift */ = {isa = PBXFileReference; lastKnownFileType = sourcecode.swift; path = CompanyTableViewCell.swift; sourceTree = "<group>"; };
		98DF0344263AEDCF003A1257 /* String+Helpers.swift */ = {isa = PBXFileReference; lastKnownFileType = sourcecode.swift; path = "String+Helpers.swift"; sourceTree = "<group>"; };
		98DF0356263AF389003A1257 /* LaunchesService.swift */ = {isa = PBXFileReference; lastKnownFileType = sourcecode.swift; path = LaunchesService.swift; sourceTree = "<group>"; };
		98DF035B263AF3C4003A1257 /* Launch.swift */ = {isa = PBXFileReference; lastKnownFileType = sourcecode.swift; path = Launch.swift; sourceTree = "<group>"; };
		98DF0360263AF4E8003A1257 /* LaunchesEndpoint.swift */ = {isa = PBXFileReference; lastKnownFileType = sourcecode.swift; path = LaunchesEndpoint.swift; sourceTree = "<group>"; };
		98DF0366263AF6D3003A1257 /* DashboardLaunchesSectionViewModel.swift */ = {isa = PBXFileReference; lastKnownFileType = sourcecode.swift; path = DashboardLaunchesSectionViewModel.swift; sourceTree = "<group>"; };
		98DF036B263AF95C003A1257 /* DashboardLaunchItemViewModel.swift */ = {isa = PBXFileReference; lastKnownFileType = sourcecode.swift; path = DashboardLaunchItemViewModel.swift; sourceTree = "<group>"; };
		98DF0376263B034E003A1257 /* LaunchTableViewCell.swift */ = {isa = PBXFileReference; lastKnownFileType = sourcecode.swift; path = LaunchTableViewCell.swift; sourceTree = "<group>"; };
		98DF037F263B05AF003A1257 /* ImageService.swift */ = {isa = PBXFileReference; lastKnownFileType = sourcecode.swift; path = ImageService.swift; sourceTree = "<group>"; };
		98DF0384263B05E0003A1257 /* ImageCache.swift */ = {isa = PBXFileReference; lastKnownFileType = sourcecode.swift; path = ImageCache.swift; sourceTree = "<group>"; };
		98DF038A263B1357003A1257 /* RocketEndpoint.swift */ = {isa = PBXFileReference; lastKnownFileType = sourcecode.swift; path = RocketEndpoint.swift; sourceTree = "<group>"; };
		98DF038F263B139D003A1257 /* RocketService.swift */ = {isa = PBXFileReference; lastKnownFileType = sourcecode.swift; path = RocketService.swift; sourceTree = "<group>"; };
		98DF0394263B13A7003A1257 /* Rocket.swift */ = {isa = PBXFileReference; lastKnownFileType = sourcecode.swift; path = Rocket.swift; sourceTree = "<group>"; };
		98DF0399263B325A003A1257 /* KeyValueLabelView.swift */ = {isa = PBXFileReference; lastKnownFileType = sourcecode.swift; path = KeyValueLabelView.swift; sourceTree = "<group>"; };
		98DF039E263B34DA003A1257 /* Calendar+Helpers.swift */ = {isa = PBXFileReference; lastKnownFileType = sourcecode.swift; path = "Calendar+Helpers.swift"; sourceTree = "<group>"; };
		98DF03A4263B4763003A1257 /* FiltersManager.swift */ = {isa = PBXFileReference; lastKnownFileType = sourcecode.swift; path = FiltersManager.swift; sourceTree = "<group>"; };
		98DF03A9263B47AD003A1257 /* Filter.swift */ = {isa = PBXFileReference; lastKnownFileType = sourcecode.swift; path = Filter.swift; sourceTree = "<group>"; };
		98DF03AF263B5080003A1257 /* FiltersCoordinator.swift */ = {isa = PBXFileReference; lastKnownFileType = sourcecode.swift; path = FiltersCoordinator.swift; sourceTree = "<group>"; };
		98DF03B4263B5134003A1257 /* FiltersViewModel.swift */ = {isa = PBXFileReference; lastKnownFileType = sourcecode.swift; path = FiltersViewModel.swift; sourceTree = "<group>"; };
		98DF03B9263B519B003A1257 /* FiltersViewController.swift */ = {isa = PBXFileReference; lastKnownFileType = sourcecode.swift; path = FiltersViewController.swift; sourceTree = "<group>"; };
		98DF03BE263B5236003A1257 /* FiltersTableViewDataSource.swift */ = {isa = PBXFileReference; lastKnownFileType = sourcecode.swift; path = FiltersTableViewDataSource.swift; sourceTree = "<group>"; };
		98DF03C4263B56E7003A1257 /* TitleSwitchTableViewCell.swift */ = {isa = PBXFileReference; lastKnownFileType = sourcecode.swift; path = TitleSwitchTableViewCell.swift; sourceTree = "<group>"; };
		98DF03C9263B5D67003A1257 /* StartEndDateTableViewCell.swift */ = {isa = PBXFileReference; lastKnownFileType = sourcecode.swift; path = StartEndDateTableViewCell.swift; sourceTree = "<group>"; };
		98DF03CF263B5DE0003A1257 /* TextFieldContainerView.swift */ = {isa = PBXFileReference; lastKnownFileType = sourcecode.swift; path = TextFieldContainerView.swift; sourceTree = "<group>"; };
		AD35BC70458254BC51D16FE7 /* Pods-SpaceX.debug.xcconfig */ = {isa = PBXFileReference; includeInIndex = 1; lastKnownFileType = text.xcconfig; name = "Pods-SpaceX.debug.xcconfig"; path = "Target Support Files/Pods-SpaceX/Pods-SpaceX.debug.xcconfig"; sourceTree = "<group>"; };
		C75F4DD22212D3CA295923F1 /* Pods-SpaceX.release.xcconfig */ = {isa = PBXFileReference; includeInIndex = 1; lastKnownFileType = text.xcconfig; name = "Pods-SpaceX.release.xcconfig"; path = "Target Support Files/Pods-SpaceX/Pods-SpaceX.release.xcconfig"; sourceTree = "<group>"; };
/* End PBXFileReference section */

/* Begin PBXFrameworksBuildPhase section */
		98DF01A3263AC297003A1257 /* Frameworks */ = {
			isa = PBXFrameworksBuildPhase;
			buildActionMask = 2147483647;
			files = (
				31321C3E62868ACE39A8110D /* Pods_SpaceX.framework in Frameworks */,
			);
			runOnlyForDeploymentPostprocessing = 0;
		};
		98DF01B9263AC298003A1257 /* Frameworks */ = {
			isa = PBXFrameworksBuildPhase;
			buildActionMask = 2147483647;
			files = (
			);
			runOnlyForDeploymentPostprocessing = 0;
		};
		98DF01C4263AC298003A1257 /* Frameworks */ = {
			isa = PBXFrameworksBuildPhase;
			buildActionMask = 2147483647;
			files = (
			);
			runOnlyForDeploymentPostprocessing = 0;
		};
/* End PBXFrameworksBuildPhase section */

/* Begin PBXGroup section */
		98124745263BFA2900917FAC /* DatePickerDataSource */ = {
			isa = PBXGroup;
			children = (
				98124746263BFA4300917FAC /* FilterDatePickerDataSource.swift */,
			);
			path = DatePickerDataSource;
			sourceTree = "<group>";
		};
		9829CA8C263C3F7E00D7490C /* Source */ = {
			isa = PBXGroup;
			children = (
				98DF01A9263AC297003A1257 /* AppDelegate.swift */,
				98DF0203263AC3C0003A1257 /* Data */,
				98DF02EF263AD86B003A1257 /* UI */,
			);
			path = Source;
			sourceTree = "<group>";
		};
		98DF019D263AC297003A1257 = {
			isa = PBXGroup;
			children = (
				98DF01DC263AC2AB003A1257 /* Podfile */,
				98DF01A8263AC297003A1257 /* SpaceX */,
				98DF01BF263AC298003A1257 /* SpaceXTests */,
				98DF01CA263AC298003A1257 /* SpaceXUITests */,
				98DF01A7263AC297003A1257 /* Products */,
				C563D8B4DC7FAEDABBE6EA51 /* Pods */,
				FB41656F42A3D7BAB61689FF /* Frameworks */,
			);
			sourceTree = "<group>";
		};
		98DF01A7263AC297003A1257 /* Products */ = {
			isa = PBXGroup;
			children = (
				98DF01A6263AC297003A1257 /* SpaceX.app */,
				98DF01BC263AC298003A1257 /* SpaceXTests.xctest */,
				98DF01C7263AC298003A1257 /* SpaceXUITests.xctest */,
			);
			name = Products;
			sourceTree = "<group>";
		};
		98DF01A8263AC297003A1257 /* SpaceX */ = {
			isa = PBXGroup;
			children = (
				9829CA8C263C3F7E00D7490C /* Source */,
				98DF01B2263AC298003A1257 /* Assets.xcassets */,
				98DF01B7263AC298003A1257 /* Info.plist */,
				98DF01B4263AC298003A1257 /* LaunchScreen.storyboard */,
			);
			path = SpaceX;
			sourceTree = "<group>";
		};
		98DF01BF263AC298003A1257 /* SpaceXTests */ = {
			isa = PBXGroup;
			children = (
				98DF020F263AC5CE003A1257 /* Data */,
				98DF01C0263AC298003A1257 /* SpaceXTests.swift */,
				98DF01C2263AC298003A1257 /* Info.plist */,
			);
			path = SpaceXTests;
			sourceTree = "<group>";
		};
		98DF01CA263AC298003A1257 /* SpaceXUITests */ = {
			isa = PBXGroup;
			children = (
				98DF01CB263AC298003A1257 /* SpaceXUITests.swift */,
				98DF01CD263AC298003A1257 /* Info.plist */,
			);
			path = SpaceXUITests;
			sourceTree = "<group>";
		};
		98DF0203263AC3C0003A1257 /* Data */ = {
			isa = PBXGroup;
			children = (
				98DF03A3263B46CA003A1257 /* Filters */,
				98DF0269263AD1EA003A1257 /* Dependencies */,
				98DF0204263AC3CA003A1257 /* Network */,
			);
			path = Data;
			sourceTree = "<group>";
		};
		98DF0204263AC3CA003A1257 /* Network */ = {
			isa = PBXGroup;
			children = (
				98DF0232263ACB7D003A1257 /* Services */,
				98DF0211263AC5E2003A1257 /* Client */,
				98DF0210263AC5DB003A1257 /* URLSession */,
			);
			path = Network;
			sourceTree = "<group>";
		};
		98DF020F263AC5CE003A1257 /* Data */ = {
			isa = PBXGroup;
			children = (
				98DF02CC263AD36A003A1257 /* Dependencies */,
				98DF0215263AC5F5003A1257 /* Network */,
			);
			path = Data;
			sourceTree = "<group>";
		};
		98DF0210263AC5DB003A1257 /* URLSession */ = {
			isa = PBXGroup;
			children = (
				98DF0205263AC3EF003A1257 /* URLSession+Protocols.swift */,
			);
			path = URLSession;
			sourceTree = "<group>";
		};
		98DF0211263AC5E2003A1257 /* Client */ = {
			isa = PBXGroup;
			children = (
				98DF0260263AD127003A1257 /* Error */,
				98DF020A263AC4BC003A1257 /* NetworkClient.swift */,
				98DF023B263ACD0D003A1257 /* Endpoint.swift */,
				98DF0240263ACD50003A1257 /* EndpointRequestProvider.swift */,
			);
			path = Client;
			sourceTree = "<group>";
		};
		98DF0215263AC5F5003A1257 /* Network */ = {
			isa = PBXGroup;
			children = (
				98DF02D5263AD3B6003A1257 /* Services */,
				98DF0216263AC5FC003A1257 /* Client */,
			);
			path = Network;
			sourceTree = "<group>";
		};
		98DF0216263AC5FC003A1257 /* Client */ = {
			isa = PBXGroup;
			children = (
				98DF0229263AC9D5003A1257 /* Error */,
				98DF0220263AC7D0003A1257 /* Client */,
				98DF021F263AC7C8003A1257 /* URLSession */,
			);
			path = Client;
			sourceTree = "<group>";
		};
		98DF021F263AC7C8003A1257 /* URLSession */ = {
			isa = PBXGroup;
			children = (
				98DF0217263AC742003A1257 /* URLSession+MockProtocols.swift */,
			);
			path = URLSession;
			sourceTree = "<group>";
		};
		98DF0220263AC7D0003A1257 /* Client */ = {
			isa = PBXGroup;
			children = (
				98DF024A263ACF53003A1257 /* EndpointRequestProviderTests.swift */,
				98DF0245263ACE14003A1257 /* EndpointTests.swift */,
				98DF02D6263AD3EA003A1257 /* MockNetworkClient.swift */,
				98DF0221263AC7E5003A1257 /* NetworkClientTests.swift */,
			);
			path = Client;
			sourceTree = "<group>";
		};
		98DF0229263AC9D5003A1257 /* Error */ = {
			isa = PBXGroup;
			children = (
				98DF022A263AC9E5003A1257 /* TestError.swift */,
			);
			path = Error;
			sourceTree = "<group>";
		};
		98DF0232263ACB7D003A1257 /* Services */ = {
			isa = PBXGroup;
			children = (
				98DF0389263B133F003A1257 /* Rocket */,
				98DF037B263B0496003A1257 /* Images */,
				98DF0254263AD0FE003A1257 /* Company */,
				98DF0355263AF36D003A1257 /* Launches */,
			);
			path = Services;
			sourceTree = "<group>";
		};
		98DF0254263AD0FE003A1257 /* Company */ = {
			isa = PBXGroup;
			children = (
				98DF024F263AD006003A1257 /* Company.swift */,
				98DF0255263AD10D003A1257 /* CompanyEndpoint.swift */,
				98DF0236263ACC62003A1257 /* CompanyService.swift */,
			);
			path = Company;
			sourceTree = "<group>";
		};
		98DF0260263AD127003A1257 /* Error */ = {
			isa = PBXGroup;
			children = (
				98DF0261263AD130003A1257 /* ServiceError.swift */,
			);
			path = Error;
			sourceTree = "<group>";
		};
		98DF0269263AD1EA003A1257 /* Dependencies */ = {
			isa = PBXGroup;
			children = (
				98DF026A263AD1FB003A1257 /* Dependencies.swift */,
			);
			path = Dependencies;
			sourceTree = "<group>";
		};
		98DF02CC263AD36A003A1257 /* Dependencies */ = {
			isa = PBXGroup;
			children = (
				98DF02CD263AD37C003A1257 /* DependenciesHelper.swift */,
			);
			path = Dependencies;
			sourceTree = "<group>";
		};
		98DF02D5263AD3B6003A1257 /* Services */ = {
			isa = PBXGroup;
			children = (
				98DF02E6263AD5A1003A1257 /* Company */,
			);
			path = Services;
			sourceTree = "<group>";
		};
		98DF02E6263AD5A1003A1257 /* Company */ = {
			isa = PBXGroup;
			children = (
				98DF02DE263AD4A9003A1257 /* MockCompanyService.swift */,
				98DF02EA263AD60C003A1257 /* CompanyServiceTests.swift */,
			);
			path = Company;
			sourceTree = "<group>";
		};
		98DF02EF263AD86B003A1257 /* UI */ = {
			isa = PBXGroup;
			children = (
				98DF03AE263B5074003A1257 /* Filters */,
				98DF033B263AEC4C003A1257 /* Extensions */,
				98DF030C263ADB33003A1257 /* Coordinator */,
				98DF02FB263ADABD003A1257 /* Router */,
				98DF02F0263AD876003A1257 /* Dashboard */,
			);
			path = UI;
			sourceTree = "<group>";
		};
		98DF02F0263AD876003A1257 /* Dashboard */ = {
			isa = PBXGroup;
			children = (
				98DF031F263ADFA3003A1257 /* DataSource */,
				98DF0312263ADBAF003A1257 /* DashboardCoordinator.swift */,
				98DF02F6263AD90D003A1257 /* DashboardViewController.swift */,
				98DF02F1263AD884003A1257 /* DashboardViewModel.swift */,
			);
			path = Dashboard;
			sourceTree = "<group>";
		};
		98DF02FB263ADABD003A1257 /* Router */ = {
			isa = PBXGroup;
			children = (
				98DF0307263ADAFC003A1257 /* Router.swift */,
			);
			path = Router;
			sourceTree = "<group>";
		};
		98DF030C263ADB33003A1257 /* Coordinator */ = {
			isa = PBXGroup;
			children = (
				98DF030D263ADB4D003A1257 /* Coordinator.swift */,
			);
			path = Coordinator;
			sourceTree = "<group>";
		};
		98DF031F263ADFA3003A1257 /* DataSource */ = {
			isa = PBXGroup;
			children = (
				98DF0328263AEB57003A1257 /* Company */,
				98DF031A263ADF06003A1257 /* DashboardTableViewDataSource.swift */,
				98DF0365263AF688003A1257 /* Launches */,
			);
			path = DataSource;
			sourceTree = "<group>";
		};
		98DF0328263AEB57003A1257 /* Company */ = {
			isa = PBXGroup;
			children = (
				98DF0323263AE1AD003A1257 /* DashboardCompanySectionViewModel.swift */,
				98DF0331263AEBA3003A1257 /* DashboardCompanyItemViewModel.swift */,
				98DF033F263AECA5003A1257 /* CompanyTableViewCell.swift */,
			);
			path = Company;
			sourceTree = "<group>";
		};
		98DF033B263AEC4C003A1257 /* Extensions */ = {
			isa = PBXGroup;
			children = (
				98DF0336263AEC44003A1257 /* UITableView+Helpers.swift */,
				98DF0344263AEDCF003A1257 /* String+Helpers.swift */,
				98DF039E263B34DA003A1257 /* Calendar+Helpers.swift */,
				9812474B263BFB1E00917FAC /* Date+Helpers.swift */,
				9812475F263C1BBB00917FAC /* UINavigationController+Helpers.swift */,
			);
			path = Extensions;
			sourceTree = "<group>";
		};
		98DF0355263AF36D003A1257 /* Launches */ = {
			isa = PBXGroup;
			children = (
				98DF0356263AF389003A1257 /* LaunchesService.swift */,
				98DF035B263AF3C4003A1257 /* Launch.swift */,
				98DF0360263AF4E8003A1257 /* LaunchesEndpoint.swift */,
			);
			path = Launches;
			sourceTree = "<group>";
		};
		98DF0365263AF688003A1257 /* Launches */ = {
			isa = PBXGroup;
			children = (
				98DF0366263AF6D3003A1257 /* DashboardLaunchesSectionViewModel.swift */,
				98DF036B263AF95C003A1257 /* DashboardLaunchItemViewModel.swift */,
				98DF0376263B034E003A1257 /* LaunchTableViewCell.swift */,
				98DF0399263B325A003A1257 /* KeyValueLabelView.swift */,
			);
			path = Launches;
			sourceTree = "<group>";
		};
		98DF037B263B0496003A1257 /* Images */ = {
			isa = PBXGroup;
			children = (
				98DF037F263B05AF003A1257 /* ImageService.swift */,
				98DF0384263B05E0003A1257 /* ImageCache.swift */,
			);
			path = Images;
			sourceTree = "<group>";
		};
		98DF0389263B133F003A1257 /* Rocket */ = {
			isa = PBXGroup;
			children = (
				98DF038A263B1357003A1257 /* RocketEndpoint.swift */,
				98DF038F263B139D003A1257 /* RocketService.swift */,
				98DF0394263B13A7003A1257 /* Rocket.swift */,
			);
			path = Rocket;
			sourceTree = "<group>";
		};
		98DF03A3263B46CA003A1257 /* Filters */ = {
			isa = PBXGroup;
			children = (
				98DF03A4263B4763003A1257 /* FiltersManager.swift */,
				98DF03A9263B47AD003A1257 /* Filter.swift */,
				98124750263BFD0400917FAC /* DurationFilter.swift */,
				98124755263BFD1800917FAC /* LaunchSuccessFilter.swift */,
				9812475A263BFD2C00917FAC /* OrderAscendingFilter.swift */,
			);
			path = Filters;
			sourceTree = "<group>";
		};
		98DF03AE263B5074003A1257 /* Filters */ = {
			isa = PBXGroup;
			children = (
				98124745263BFA2900917FAC /* DatePickerDataSource */,
				98DF03CE263B5DD2003A1257 /* Views */,
				98DF03C3263B56C2003A1257 /* Cells */,
				98DF03AF263B5080003A1257 /* FiltersCoordinator.swift */,
				98DF03B4263B5134003A1257 /* FiltersViewModel.swift */,
				98DF03B9263B519B003A1257 /* FiltersViewController.swift */,
				98DF03BE263B5236003A1257 /* FiltersTableViewDataSource.swift */,
			);
			path = Filters;
			sourceTree = "<group>";
		};
		98DF03C3263B56C2003A1257 /* Cells */ = {
			isa = PBXGroup;
			children = (
				98DF03C4263B56E7003A1257 /* TitleSwitchTableViewCell.swift */,
				98DF03C9263B5D67003A1257 /* StartEndDateTableViewCell.swift */,
			);
			path = Cells;
			sourceTree = "<group>";
		};
		98DF03CE263B5DD2003A1257 /* Views */ = {
			isa = PBXGroup;
			children = (
				98DF03CF263B5DE0003A1257 /* TextFieldContainerView.swift */,
			);
			path = Views;
			sourceTree = "<group>";
		};
		C563D8B4DC7FAEDABBE6EA51 /* Pods */ = {
			isa = PBXGroup;
			children = (
				AD35BC70458254BC51D16FE7 /* Pods-SpaceX.debug.xcconfig */,
				C75F4DD22212D3CA295923F1 /* Pods-SpaceX.release.xcconfig */,
			);
			path = Pods;
			sourceTree = "<group>";
		};
		FB41656F42A3D7BAB61689FF /* Frameworks */ = {
			isa = PBXGroup;
			children = (
				650E462A8C0314CCB3DE9266 /* Pods_SpaceX.framework */,
			);
			name = Frameworks;
			sourceTree = "<group>";
		};
/* End PBXGroup section */

/* Begin PBXNativeTarget section */
		98DF01A5263AC297003A1257 /* SpaceX */ = {
			isa = PBXNativeTarget;
			buildConfigurationList = 98DF01D0263AC298003A1257 /* Build configuration list for PBXNativeTarget "SpaceX" */;
			buildPhases = (
				ACD3779C2C9A02E394703F28 /* [CP] Check Pods Manifest.lock */,
				98DF01A2263AC297003A1257 /* Sources */,
				98DF01A3263AC297003A1257 /* Frameworks */,
				98DF01A4263AC297003A1257 /* Resources */,
				C4E3EF03564C413841D49A35 /* [CP] Embed Pods Frameworks */,
			);
			buildRules = (
			);
			dependencies = (
			);
			name = SpaceX;
			productName = SpaceX;
			productReference = 98DF01A6263AC297003A1257 /* SpaceX.app */;
			productType = "com.apple.product-type.application";
		};
		98DF01BB263AC298003A1257 /* SpaceXTests */ = {
			isa = PBXNativeTarget;
			buildConfigurationList = 98DF01D3263AC298003A1257 /* Build configuration list for PBXNativeTarget "SpaceXTests" */;
			buildPhases = (
				98DF01B8263AC298003A1257 /* Sources */,
				98DF01B9263AC298003A1257 /* Frameworks */,
				98DF01BA263AC298003A1257 /* Resources */,
			);
			buildRules = (
			);
			dependencies = (
				98DF01BE263AC298003A1257 /* PBXTargetDependency */,
			);
			name = SpaceXTests;
			productName = SpaceXTests;
			productReference = 98DF01BC263AC298003A1257 /* SpaceXTests.xctest */;
			productType = "com.apple.product-type.bundle.unit-test";
		};
		98DF01C6263AC298003A1257 /* SpaceXUITests */ = {
			isa = PBXNativeTarget;
			buildConfigurationList = 98DF01D6263AC298003A1257 /* Build configuration list for PBXNativeTarget "SpaceXUITests" */;
			buildPhases = (
				98DF01C3263AC298003A1257 /* Sources */,
				98DF01C4263AC298003A1257 /* Frameworks */,
				98DF01C5263AC298003A1257 /* Resources */,
			);
			buildRules = (
			);
			dependencies = (
				98DF01C9263AC298003A1257 /* PBXTargetDependency */,
			);
			name = SpaceXUITests;
			productName = SpaceXUITests;
			productReference = 98DF01C7263AC298003A1257 /* SpaceXUITests.xctest */;
			productType = "com.apple.product-type.bundle.ui-testing";
		};
/* End PBXNativeTarget section */

/* Begin PBXProject section */
		98DF019E263AC297003A1257 /* Project object */ = {
			isa = PBXProject;
			attributes = {
				LastSwiftUpdateCheck = 1240;
				LastUpgradeCheck = 1240;
				TargetAttributes = {
					98DF01A5263AC297003A1257 = {
						CreatedOnToolsVersion = 12.4;
					};
					98DF01BB263AC298003A1257 = {
						CreatedOnToolsVersion = 12.4;
						TestTargetID = 98DF01A5263AC297003A1257;
					};
					98DF01C6263AC298003A1257 = {
						CreatedOnToolsVersion = 12.4;
						TestTargetID = 98DF01A5263AC297003A1257;
					};
				};
			};
			buildConfigurationList = 98DF01A1263AC297003A1257 /* Build configuration list for PBXProject "SpaceX" */;
			compatibilityVersion = "Xcode 9.3";
			developmentRegion = en;
			hasScannedForEncodings = 0;
			knownRegions = (
				en,
				Base,
			);
			mainGroup = 98DF019D263AC297003A1257;
			productRefGroup = 98DF01A7263AC297003A1257 /* Products */;
			projectDirPath = "";
			projectRoot = "";
			targets = (
				98DF01A5263AC297003A1257 /* SpaceX */,
				98DF01BB263AC298003A1257 /* SpaceXTests */,
				98DF01C6263AC298003A1257 /* SpaceXUITests */,
			);
		};
/* End PBXProject section */

/* Begin PBXResourcesBuildPhase section */
		98DF01A4263AC297003A1257 /* Resources */ = {
			isa = PBXResourcesBuildPhase;
			buildActionMask = 2147483647;
			files = (
				98DF01B6263AC298003A1257 /* LaunchScreen.storyboard in Resources */,
				98DF01B3263AC298003A1257 /* Assets.xcassets in Resources */,
				98DF01DD263AC2AB003A1257 /* Podfile in Resources */,
			);
			runOnlyForDeploymentPostprocessing = 0;
		};
		98DF01BA263AC298003A1257 /* Resources */ = {
			isa = PBXResourcesBuildPhase;
			buildActionMask = 2147483647;
			files = (
			);
			runOnlyForDeploymentPostprocessing = 0;
		};
		98DF01C5263AC298003A1257 /* Resources */ = {
			isa = PBXResourcesBuildPhase;
			buildActionMask = 2147483647;
			files = (
			);
			runOnlyForDeploymentPostprocessing = 0;
		};
/* End PBXResourcesBuildPhase section */

/* Begin PBXShellScriptBuildPhase section */
		ACD3779C2C9A02E394703F28 /* [CP] Check Pods Manifest.lock */ = {
			isa = PBXShellScriptBuildPhase;
			buildActionMask = 2147483647;
			files = (
			);
			inputFileListPaths = (
			);
			inputPaths = (
				"${PODS_PODFILE_DIR_PATH}/Podfile.lock",
				"${PODS_ROOT}/Manifest.lock",
			);
			name = "[CP] Check Pods Manifest.lock";
			outputFileListPaths = (
			);
			outputPaths = (
				"$(DERIVED_FILE_DIR)/Pods-SpaceX-checkManifestLockResult.txt",
			);
			runOnlyForDeploymentPostprocessing = 0;
			shellPath = /bin/sh;
			shellScript = "diff \"${PODS_PODFILE_DIR_PATH}/Podfile.lock\" \"${PODS_ROOT}/Manifest.lock\" > /dev/null\nif [ $? != 0 ] ; then\n    # print error to STDERR\n    echo \"error: The sandbox is not in sync with the Podfile.lock. Run 'pod install' or update your CocoaPods installation.\" >&2\n    exit 1\nfi\n# This output is used by Xcode 'outputs' to avoid re-running this script phase.\necho \"SUCCESS\" > \"${SCRIPT_OUTPUT_FILE_0}\"\n";
			showEnvVarsInLog = 0;
		};
		C4E3EF03564C413841D49A35 /* [CP] Embed Pods Frameworks */ = {
			isa = PBXShellScriptBuildPhase;
			buildActionMask = 2147483647;
			files = (
			);
			inputFileListPaths = (
				"${PODS_ROOT}/Target Support Files/Pods-SpaceX/Pods-SpaceX-frameworks-${CONFIGURATION}-input-files.xcfilelist",
			);
			name = "[CP] Embed Pods Frameworks";
			outputFileListPaths = (
				"${PODS_ROOT}/Target Support Files/Pods-SpaceX/Pods-SpaceX-frameworks-${CONFIGURATION}-output-files.xcfilelist",
			);
			runOnlyForDeploymentPostprocessing = 0;
			shellPath = /bin/sh;
			shellScript = "\"${PODS_ROOT}/Target Support Files/Pods-SpaceX/Pods-SpaceX-frameworks.sh\"\n";
			showEnvVarsInLog = 0;
		};
/* End PBXShellScriptBuildPhase section */

/* Begin PBXSourcesBuildPhase section */
		98DF01A2263AC297003A1257 /* Sources */ = {
			isa = PBXSourcesBuildPhase;
			buildActionMask = 2147483647;
			files = (
				98DF03C5263B56E7003A1257 /* TitleSwitchTableViewCell.swift in Sources */,
				98DF0385263B05E0003A1257 /* ImageCache.swift in Sources */,
				98DF0262263AD130003A1257 /* ServiceError.swift in Sources */,
				98DF036C263AF95C003A1257 /* DashboardLaunchItemViewModel.swift in Sources */,
				98DF03A5263B4763003A1257 /* FiltersManager.swift in Sources */,
				98124751263BFD0400917FAC /* DurationFilter.swift in Sources */,
				98DF0332263AEBA3003A1257 /* DashboardCompanyItemViewModel.swift in Sources */,
				98124760263C1BBB00917FAC /* UINavigationController+Helpers.swift in Sources */,
				98DF0357263AF389003A1257 /* LaunchesService.swift in Sources */,
				98DF0313263ADBAF003A1257 /* DashboardCoordinator.swift in Sources */,
				98DF0206263AC3EF003A1257 /* URLSession+Protocols.swift in Sources */,
				98DF0390263B139D003A1257 /* RocketService.swift in Sources */,
				98DF03D0263B5DE0003A1257 /* TextFieldContainerView.swift in Sources */,
				98124747263BFA4300917FAC /* FilterDatePickerDataSource.swift in Sources */,
				98DF030E263ADB4D003A1257 /* Coordinator.swift in Sources */,
				98DF0361263AF4E8003A1257 /* LaunchesEndpoint.swift in Sources */,
				98DF02F2263AD884003A1257 /* DashboardViewModel.swift in Sources */,
				98DF0237263ACC62003A1257 /* CompanyService.swift in Sources */,
				98DF03BA263B519B003A1257 /* FiltersViewController.swift in Sources */,
				98DF039A263B325A003A1257 /* KeyValueLabelView.swift in Sources */,
				98DF01AA263AC297003A1257 /* AppDelegate.swift in Sources */,
				98DF035C263AF3C4003A1257 /* Launch.swift in Sources */,
				98DF023C263ACD0D003A1257 /* Endpoint.swift in Sources */,
				98DF0340263AECA5003A1257 /* CompanyTableViewCell.swift in Sources */,
				98DF0367263AF6D3003A1257 /* DashboardLaunchesSectionViewModel.swift in Sources */,
				98DF0380263B05AF003A1257 /* ImageService.swift in Sources */,
				98DF02F7263AD90D003A1257 /* DashboardViewController.swift in Sources */,
				98DF039F263B34DA003A1257 /* Calendar+Helpers.swift in Sources */,
				98DF0345263AEDCF003A1257 /* String+Helpers.swift in Sources */,
				98DF0395263B13A7003A1257 /* Rocket.swift in Sources */,
				98DF031B263ADF06003A1257 /* DashboardTableViewDataSource.swift in Sources */,
				98DF026B263AD1FB003A1257 /* Dependencies.swift in Sources */,
				98DF020B263AC4BC003A1257 /* NetworkClient.swift in Sources */,
				9812475B263BFD2C00917FAC /* OrderAscendingFilter.swift in Sources */,
				98DF0308263ADAFC003A1257 /* Router.swift in Sources */,
				9812474C263BFB1E00917FAC /* Date+Helpers.swift in Sources */,
				98DF038B263B1357003A1257 /* RocketEndpoint.swift in Sources */,
				98DF0337263AEC44003A1257 /* UITableView+Helpers.swift in Sources */,
				98DF0256263AD10D003A1257 /* CompanyEndpoint.swift in Sources */,
				98DF0324263AE1AD003A1257 /* DashboardCompanySectionViewModel.swift in Sources */,
				98DF03BF263B5236003A1257 /* FiltersTableViewDataSource.swift in Sources */,
				98DF03AA263B47AD003A1257 /* Filter.swift in Sources */,
				98DF0241263ACD50003A1257 /* EndpointRequestProvider.swift in Sources */,
				98DF0377263B034E003A1257 /* LaunchTableViewCell.swift in Sources */,
				98DF03CA263B5D67003A1257 /* StartEndDateTableViewCell.swift in Sources */,
				98DF03B0263B5080003A1257 /* FiltersCoordinator.swift in Sources */,
				98DF03B5263B5134003A1257 /* FiltersViewModel.swift in Sources */,
				98124756263BFD1800917FAC /* LaunchSuccessFilter.swift in Sources */,
				98DF0250263AD006003A1257 /* Company.swift in Sources */,
			);
			runOnlyForDeploymentPostprocessing = 0;
		};
		98DF01B8263AC298003A1257 /* Sources */ = {
			isa = PBXSourcesBuildPhase;
			buildActionMask = 2147483647;
			files = (
				98DF022B263AC9E5003A1257 /* TestError.swift in Sources */,
				98DF02CE263AD37C003A1257 /* DependenciesHelper.swift in Sources */,
				98DF0218263AC742003A1257 /* URLSession+MockProtocols.swift in Sources */,
				98DF01C1263AC298003A1257 /* SpaceXTests.swift in Sources */,
				98DF024B263ACF53003A1257 /* EndpointRequestProviderTests.swift in Sources */,
				98DF02D7263AD3EA003A1257 /* MockNetworkClient.swift in Sources */,
				98DF0246263ACE14003A1257 /* EndpointTests.swift in Sources */,
				98DF02EB263AD60C003A1257 /* CompanyServiceTests.swift in Sources */,
				98DF02DF263AD4A9003A1257 /* MockCompanyService.swift in Sources */,
				98DF0222263AC7E5003A1257 /* NetworkClientTests.swift in Sources */,
			);
			runOnlyForDeploymentPostprocessing = 0;
		};
		98DF01C3263AC298003A1257 /* Sources */ = {
			isa = PBXSourcesBuildPhase;
			buildActionMask = 2147483647;
			files = (
				98DF01CC263AC298003A1257 /* SpaceXUITests.swift in Sources */,
			);
			runOnlyForDeploymentPostprocessing = 0;
		};
/* End PBXSourcesBuildPhase section */

/* Begin PBXTargetDependency section */
		98DF01BE263AC298003A1257 /* PBXTargetDependency */ = {
			isa = PBXTargetDependency;
			target = 98DF01A5263AC297003A1257 /* SpaceX */;
			targetProxy = 98DF01BD263AC298003A1257 /* PBXContainerItemProxy */;
		};
		98DF01C9263AC298003A1257 /* PBXTargetDependency */ = {
			isa = PBXTargetDependency;
			target = 98DF01A5263AC297003A1257 /* SpaceX */;
			targetProxy = 98DF01C8263AC298003A1257 /* PBXContainerItemProxy */;
		};
/* End PBXTargetDependency section */

/* Begin PBXVariantGroup section */
		98DF01B4263AC298003A1257 /* LaunchScreen.storyboard */ = {
			isa = PBXVariantGroup;
			children = (
				98DF01B5263AC298003A1257 /* Base */,
			);
			name = LaunchScreen.storyboard;
			sourceTree = "<group>";
		};
/* End PBXVariantGroup section */

/* Begin XCBuildConfiguration section */
		98DF01CE263AC298003A1257 /* Debug */ = {
			isa = XCBuildConfiguration;
			buildSettings = {
				ALWAYS_SEARCH_USER_PATHS = NO;
				CLANG_ANALYZER_NONNULL = YES;
				CLANG_ANALYZER_NUMBER_OBJECT_CONVERSION = YES_AGGRESSIVE;
				CLANG_CXX_LANGUAGE_STANDARD = "gnu++14";
				CLANG_CXX_LIBRARY = "libc++";
				CLANG_ENABLE_MODULES = YES;
				CLANG_ENABLE_OBJC_ARC = YES;
				CLANG_ENABLE_OBJC_WEAK = YES;
				CLANG_WARN_BLOCK_CAPTURE_AUTORELEASING = YES;
				CLANG_WARN_BOOL_CONVERSION = YES;
				CLANG_WARN_COMMA = YES;
				CLANG_WARN_CONSTANT_CONVERSION = YES;
				CLANG_WARN_DEPRECATED_OBJC_IMPLEMENTATIONS = YES;
				CLANG_WARN_DIRECT_OBJC_ISA_USAGE = YES_ERROR;
				CLANG_WARN_DOCUMENTATION_COMMENTS = YES;
				CLANG_WARN_EMPTY_BODY = YES;
				CLANG_WARN_ENUM_CONVERSION = YES;
				CLANG_WARN_INFINITE_RECURSION = YES;
				CLANG_WARN_INT_CONVERSION = YES;
				CLANG_WARN_NON_LITERAL_NULL_CONVERSION = YES;
				CLANG_WARN_OBJC_IMPLICIT_RETAIN_SELF = YES;
				CLANG_WARN_OBJC_LITERAL_CONVERSION = YES;
				CLANG_WARN_OBJC_ROOT_CLASS = YES_ERROR;
				CLANG_WARN_QUOTED_INCLUDE_IN_FRAMEWORK_HEADER = YES;
				CLANG_WARN_RANGE_LOOP_ANALYSIS = YES;
				CLANG_WARN_STRICT_PROTOTYPES = YES;
				CLANG_WARN_SUSPICIOUS_MOVE = YES;
				CLANG_WARN_UNGUARDED_AVAILABILITY = YES_AGGRESSIVE;
				CLANG_WARN_UNREACHABLE_CODE = YES;
				CLANG_WARN__DUPLICATE_METHOD_MATCH = YES;
				COPY_PHASE_STRIP = NO;
				DEBUG_INFORMATION_FORMAT = dwarf;
				ENABLE_STRICT_OBJC_MSGSEND = YES;
				ENABLE_TESTABILITY = YES;
				GCC_C_LANGUAGE_STANDARD = gnu11;
				GCC_DYNAMIC_NO_PIC = NO;
				GCC_NO_COMMON_BLOCKS = YES;
				GCC_OPTIMIZATION_LEVEL = 0;
				GCC_PREPROCESSOR_DEFINITIONS = (
					"DEBUG=1",
					"$(inherited)",
				);
				GCC_WARN_64_TO_32_BIT_CONVERSION = YES;
				GCC_WARN_ABOUT_RETURN_TYPE = YES_ERROR;
				GCC_WARN_UNDECLARED_SELECTOR = YES;
				GCC_WARN_UNINITIALIZED_AUTOS = YES_AGGRESSIVE;
				GCC_WARN_UNUSED_FUNCTION = YES;
				GCC_WARN_UNUSED_VARIABLE = YES;
				IPHONEOS_DEPLOYMENT_TARGET = 14.4;
				MTL_ENABLE_DEBUG_INFO = INCLUDE_SOURCE;
				MTL_FAST_MATH = YES;
				ONLY_ACTIVE_ARCH = YES;
				SDKROOT = iphoneos;
				SWIFT_ACTIVE_COMPILATION_CONDITIONS = DEBUG;
				SWIFT_OPTIMIZATION_LEVEL = "-Onone";
			};
			name = Debug;
		};
		98DF01CF263AC298003A1257 /* Release */ = {
			isa = XCBuildConfiguration;
			buildSettings = {
				ALWAYS_SEARCH_USER_PATHS = NO;
				CLANG_ANALYZER_NONNULL = YES;
				CLANG_ANALYZER_NUMBER_OBJECT_CONVERSION = YES_AGGRESSIVE;
				CLANG_CXX_LANGUAGE_STANDARD = "gnu++14";
				CLANG_CXX_LIBRARY = "libc++";
				CLANG_ENABLE_MODULES = YES;
				CLANG_ENABLE_OBJC_ARC = YES;
				CLANG_ENABLE_OBJC_WEAK = YES;
				CLANG_WARN_BLOCK_CAPTURE_AUTORELEASING = YES;
				CLANG_WARN_BOOL_CONVERSION = YES;
				CLANG_WARN_COMMA = YES;
				CLANG_WARN_CONSTANT_CONVERSION = YES;
				CLANG_WARN_DEPRECATED_OBJC_IMPLEMENTATIONS = YES;
				CLANG_WARN_DIRECT_OBJC_ISA_USAGE = YES_ERROR;
				CLANG_WARN_DOCUMENTATION_COMMENTS = YES;
				CLANG_WARN_EMPTY_BODY = YES;
				CLANG_WARN_ENUM_CONVERSION = YES;
				CLANG_WARN_INFINITE_RECURSION = YES;
				CLANG_WARN_INT_CONVERSION = YES;
				CLANG_WARN_NON_LITERAL_NULL_CONVERSION = YES;
				CLANG_WARN_OBJC_IMPLICIT_RETAIN_SELF = YES;
				CLANG_WARN_OBJC_LITERAL_CONVERSION = YES;
				CLANG_WARN_OBJC_ROOT_CLASS = YES_ERROR;
				CLANG_WARN_QUOTED_INCLUDE_IN_FRAMEWORK_HEADER = YES;
				CLANG_WARN_RANGE_LOOP_ANALYSIS = YES;
				CLANG_WARN_STRICT_PROTOTYPES = YES;
				CLANG_WARN_SUSPICIOUS_MOVE = YES;
				CLANG_WARN_UNGUARDED_AVAILABILITY = YES_AGGRESSIVE;
				CLANG_WARN_UNREACHABLE_CODE = YES;
				CLANG_WARN__DUPLICATE_METHOD_MATCH = YES;
				COPY_PHASE_STRIP = NO;
				DEBUG_INFORMATION_FORMAT = "dwarf-with-dsym";
				ENABLE_NS_ASSERTIONS = NO;
				ENABLE_STRICT_OBJC_MSGSEND = YES;
				GCC_C_LANGUAGE_STANDARD = gnu11;
				GCC_NO_COMMON_BLOCKS = YES;
				GCC_WARN_64_TO_32_BIT_CONVERSION = YES;
				GCC_WARN_ABOUT_RETURN_TYPE = YES_ERROR;
				GCC_WARN_UNDECLARED_SELECTOR = YES;
				GCC_WARN_UNINITIALIZED_AUTOS = YES_AGGRESSIVE;
				GCC_WARN_UNUSED_FUNCTION = YES;
				GCC_WARN_UNUSED_VARIABLE = YES;
				IPHONEOS_DEPLOYMENT_TARGET = 14.4;
				MTL_ENABLE_DEBUG_INFO = NO;
				MTL_FAST_MATH = YES;
				SDKROOT = iphoneos;
				SWIFT_COMPILATION_MODE = wholemodule;
				SWIFT_OPTIMIZATION_LEVEL = "-O";
				VALIDATE_PRODUCT = YES;
			};
			name = Release;
		};
		98DF01D1263AC298003A1257 /* Debug */ = {
			isa = XCBuildConfiguration;
			baseConfigurationReference = AD35BC70458254BC51D16FE7 /* Pods-SpaceX.debug.xcconfig */;
			buildSettings = {
				ASSETCATALOG_COMPILER_APPICON_NAME = AppIcon;
				ASSETCATALOG_COMPILER_GLOBAL_ACCENT_COLOR_NAME = AccentColor;
				CODE_SIGN_STYLE = Automatic;
				DEVELOPMENT_TEAM = W847Z72FQ6;
				INFOPLIST_FILE = SpaceX/Info.plist;
				LD_RUNPATH_SEARCH_PATHS = (
					"$(inherited)",
					"@executable_path/Frameworks",
				);
				PRODUCT_BUNDLE_IDENTIFIER = com.asos.test.SpaceX;
				PRODUCT_NAME = "$(TARGET_NAME)";
				SWIFT_VERSION = 5.0;
				TARGETED_DEVICE_FAMILY = "1,2";
			};
			name = Debug;
		};
		98DF01D2263AC298003A1257 /* Release */ = {
			isa = XCBuildConfiguration;
			baseConfigurationReference = C75F4DD22212D3CA295923F1 /* Pods-SpaceX.release.xcconfig */;
			buildSettings = {
				ASSETCATALOG_COMPILER_APPICON_NAME = AppIcon;
				ASSETCATALOG_COMPILER_GLOBAL_ACCENT_COLOR_NAME = AccentColor;
				CODE_SIGN_STYLE = Automatic;
				DEVELOPMENT_TEAM = W847Z72FQ6;
				INFOPLIST_FILE = SpaceX/Info.plist;
				LD_RUNPATH_SEARCH_PATHS = (
					"$(inherited)",
					"@executable_path/Frameworks",
				);
				PRODUCT_BUNDLE_IDENTIFIER = com.asos.test.SpaceX;
				PRODUCT_NAME = "$(TARGET_NAME)";
				SWIFT_VERSION = 5.0;
				TARGETED_DEVICE_FAMILY = "1,2";
			};
			name = Release;
		};
		98DF01D4263AC298003A1257 /* Debug */ = {
			isa = XCBuildConfiguration;
			buildSettings = {
				ALWAYS_EMBED_SWIFT_STANDARD_LIBRARIES = YES;
				BUNDLE_LOADER = "$(TEST_HOST)";
				CODE_SIGN_STYLE = Automatic;
				DEVELOPMENT_TEAM = W847Z72FQ6;
				INFOPLIST_FILE = SpaceXTests/Info.plist;
				IPHONEOS_DEPLOYMENT_TARGET = 14.4;
				LD_RUNPATH_SEARCH_PATHS = (
					"$(inherited)",
					"@executable_path/Frameworks",
					"@loader_path/Frameworks",
				);
				PRODUCT_BUNDLE_IDENTIFIER = com.asos.test.SpaceXTests;
				PRODUCT_NAME = "$(TARGET_NAME)";
				SWIFT_VERSION = 5.0;
				TARGETED_DEVICE_FAMILY = "1,2";
				TEST_HOST = "$(BUILT_PRODUCTS_DIR)/SpaceX.app/SpaceX";
			};
			name = Debug;
		};
		98DF01D5263AC298003A1257 /* Release */ = {
			isa = XCBuildConfiguration;
			buildSettings = {
				ALWAYS_EMBED_SWIFT_STANDARD_LIBRARIES = YES;
				BUNDLE_LOADER = "$(TEST_HOST)";
				CODE_SIGN_STYLE = Automatic;
				DEVELOPMENT_TEAM = W847Z72FQ6;
				INFOPLIST_FILE = SpaceXTests/Info.plist;
				IPHONEOS_DEPLOYMENT_TARGET = 14.4;
				LD_RUNPATH_SEARCH_PATHS = (
					"$(inherited)",
					"@executable_path/Frameworks",
					"@loader_path/Frameworks",
				);
				PRODUCT_BUNDLE_IDENTIFIER = com.asos.test.SpaceXTests;
				PRODUCT_NAME = "$(TARGET_NAME)";
				SWIFT_VERSION = 5.0;
				TARGETED_DEVICE_FAMILY = "1,2";
				TEST_HOST = "$(BUILT_PRODUCTS_DIR)/SpaceX.app/SpaceX";
			};
			name = Release;
		};
		98DF01D7263AC298003A1257 /* Debug */ = {
			isa = XCBuildConfiguration;
			buildSettings = {
				ALWAYS_EMBED_SWIFT_STANDARD_LIBRARIES = YES;
				CODE_SIGN_STYLE = Automatic;
				DEVELOPMENT_TEAM = W847Z72FQ6;
				INFOPLIST_FILE = SpaceXUITests/Info.plist;
				LD_RUNPATH_SEARCH_PATHS = (
					"$(inherited)",
					"@executable_path/Frameworks",
					"@loader_path/Frameworks",
				);
				PRODUCT_BUNDLE_IDENTIFIER = com.asos.test.SpaceXUITests;
				PRODUCT_NAME = "$(TARGET_NAME)";
				SWIFT_VERSION = 5.0;
				TARGETED_DEVICE_FAMILY = "1,2";
				TEST_TARGET_NAME = SpaceX;
			};
			name = Debug;
		};
		98DF01D8263AC298003A1257 /* Release */ = {
			isa = XCBuildConfiguration;
			buildSettings = {
				ALWAYS_EMBED_SWIFT_STANDARD_LIBRARIES = YES;
				CODE_SIGN_STYLE = Automatic;
				DEVELOPMENT_TEAM = W847Z72FQ6;
				INFOPLIST_FILE = SpaceXUITests/Info.plist;
				LD_RUNPATH_SEARCH_PATHS = (
					"$(inherited)",
					"@executable_path/Frameworks",
					"@loader_path/Frameworks",
				);
				PRODUCT_BUNDLE_IDENTIFIER = com.asos.test.SpaceXUITests;
				PRODUCT_NAME = "$(TARGET_NAME)";
				SWIFT_VERSION = 5.0;
				TARGETED_DEVICE_FAMILY = "1,2";
				TEST_TARGET_NAME = SpaceX;
			};
			name = Release;
		};
/* End XCBuildConfiguration section */

/* Begin XCConfigurationList section */
		98DF01A1263AC297003A1257 /* Build configuration list for PBXProject "SpaceX" */ = {
			isa = XCConfigurationList;
			buildConfigurations = (
				98DF01CE263AC298003A1257 /* Debug */,
				98DF01CF263AC298003A1257 /* Release */,
			);
			defaultConfigurationIsVisible = 0;
			defaultConfigurationName = Release;
		};
		98DF01D0263AC298003A1257 /* Build configuration list for PBXNativeTarget "SpaceX" */ = {
			isa = XCConfigurationList;
			buildConfigurations = (
				98DF01D1263AC298003A1257 /* Debug */,
				98DF01D2263AC298003A1257 /* Release */,
			);
			defaultConfigurationIsVisible = 0;
			defaultConfigurationName = Release;
		};
		98DF01D3263AC298003A1257 /* Build configuration list for PBXNativeTarget "SpaceXTests" */ = {
			isa = XCConfigurationList;
			buildConfigurations = (
				98DF01D4263AC298003A1257 /* Debug */,
				98DF01D5263AC298003A1257 /* Release */,
			);
			defaultConfigurationIsVisible = 0;
			defaultConfigurationName = Release;
		};
		98DF01D6263AC298003A1257 /* Build configuration list for PBXNativeTarget "SpaceXUITests" */ = {
			isa = XCConfigurationList;
			buildConfigurations = (
				98DF01D7263AC298003A1257 /* Debug */,
				98DF01D8263AC298003A1257 /* Release */,
			);
			defaultConfigurationIsVisible = 0;
			defaultConfigurationName = Release;
		};
/* End XCConfigurationList section */
	};
	rootObject = 98DF019E263AC297003A1257 /* Project object */;
}
